
Microsoft Visual Studio Solution File, Format Version 12.00
# Visual Studio Version 17
VisualStudioVersion = 17.14.36518.9
MinimumVisualStudioVersion = 10.0.40219.1
Project("{FAE04EC0-301F-11D3-BF4B-00C04F79EFBC}") = "MyShop.Core", "MyShop.Core\MyShop.Core.csproj", "{5E8F1CED-805F-A51D-6ADA-DDA5FB4B67D9}"
EndProject
Project("{FAE04EC0-301F-11D3-BF4B-00C04F79EFBC}") = "MyShop.Infrastructure", "MyShop.Infrastructure\MyShop.Infrastructure.csproj", "{8EDFB258-1936-EC0A-9FB6-266F70AC1D4A}"
EndProject
Project("{FAE04EC0-301F-11D3-BF4B-00C04F79EFBC}") = "MyShop.Modules.Auth", "MyShop.Modules.Auth\MyShop.Modules.Auth.csproj", "{541DB792-297F-A2D0-DA3D-ED6A5889BD70}"
EndProject
Project("{FAE04EC0-301F-11D3-BF4B-00C04F79EFBC}") = "MyShop.Modules.Dashboard", "MyShop.Modules.Dashboard\MyShop.Modules.Dashboard.csproj", "{105DC623-18CD-1392-88E9-0815D9E89A90}"
EndProject
Project("{FAE04EC0-301F-11D3-BF4B-00C04F79EFBC}") = "MyShop.Modules.Orders", "MyShop.Modules.Orders\MyShop.Modules.Orders.csproj", "{04EAFF4C-4996-DFBA-A53B-852141F9182F}"
EndProject
Project("{FAE04EC0-301F-11D3-BF4B-00C04F79EFBC}") = "MyShop.Modules.Products", "MyShop.Modules.Products\MyShop.Modules.Products.csproj", "{AC109A18-AE2C-A135-A41C-307211A0E9FE}"
EndProject
Project("{FAE04EC0-301F-11D3-BF4B-00C04F79EFBC}") = "MyShop.Modules.Report", "MyShop.Modules.Report\MyShop.Modules.Report.csproj", "{0D545215-E0F2-9478-FF86-2A496502D368}"
EndProject
Project("{FAE04EC0-301F-11D3-BF4B-00C04F79EFBC}") = "MyShop.Shell", "MyShop.Shell\MyShop.Shell.csproj", "{E4762A47-4DDE-0F73-5A85-870CBCB886AE}"
EndProject
Project("{FAE04EC0-301F-11D3-BF4B-00C04F79EFBC}") = "MyShop.Contract", "MyShop.Contract\MyShop.Contract.csproj", "{73C1411D-1665-4322-8D40-BB71646B065D}"
EndProject
Project("{FAE04EC0-301F-11D3-BF4B-00C04F79EFBC}") = "MyShop.Modules.Settings", "MyShop.Modules.Settings\MyShop.Modules.Settings.csproj", "{D0AA0D1B-F655-4DC4-99BB-BF0C26198CC4}"
EndProject
Global
	GlobalSection(SolutionConfigurationPlatforms) = preSolution
		Debug|Any CPU = Debug|Any CPU
		Release|Any CPU = Release|Any CPU
	EndGlobalSection
	GlobalSection(ProjectConfigurationPlatforms) = postSolution
		{5E8F1CED-805F-A51D-6ADA-DDA5FB4B67D9}.Debug|Any CPU.ActiveCfg = Debug|Any CPU
		{5E8F1CED-805F-A51D-6ADA-DDA5FB4B67D9}.Debug|Any CPU.Build.0 = Debug|Any CPU
		{5E8F1CED-805F-A51D-6ADA-DDA5FB4B67D9}.Release|Any CPU.ActiveCfg = Release|Any CPU
		{5E8F1CED-805F-A51D-6ADA-DDA5FB4B67D9}.Release|Any CPU.Build.0 = Release|Any CPU
		{8EDFB258-1936-EC0A-9FB6-266F70AC1D4A}.Debug|Any CPU.ActiveCfg = Debug|Any CPU
		{8EDFB258-1936-EC0A-9FB6-266F70AC1D4A}.Debug|Any CPU.Build.0 = Debug|Any CPU
		{8EDFB258-1936-EC0A-9FB6-266F70AC1D4A}.Release|Any CPU.ActiveCfg = Release|Any CPU
		{8EDFB258-1936-EC0A-9FB6-266F70AC1D4A}.Release|Any CPU.Build.0 = Release|Any CPU
		{541DB792-297F-A2D0-DA3D-ED6A5889BD70}.Debug|Any CPU.ActiveCfg = Debug|Any CPU
		{541DB792-297F-A2D0-DA3D-ED6A5889BD70}.Debug|Any CPU.Build.0 = Debug|Any CPU
		{541DB792-297F-A2D0-DA3D-ED6A5889BD70}.Release|Any CPU.ActiveCfg = Release|Any CPU
		{541DB792-297F-A2D0-DA3D-ED6A5889BD70}.Release|Any CPU.Build.0 = Release|Any CPU
		{105DC623-18CD-1392-88E9-0815D9E89A90}.Debug|Any CPU.ActiveCfg = Debug|Any CPU
		{105DC623-18CD-1392-88E9-0815D9E89A90}.Debug|Any CPU.Build.0 = Debug|Any CPU
		{105DC623-18CD-1392-88E9-0815D9E89A90}.Release|Any CPU.ActiveCfg = Release|Any CPU
		{105DC623-18CD-1392-88E9-0815D9E89A90}.Release|Any CPU.Build.0 = Release|Any CPU
		{04EAFF4C-4996-DFBA-A53B-852141F9182F}.Debug|Any CPU.ActiveCfg = Debug|Any CPU
		{04EAFF4C-4996-DFBA-A53B-852141F9182F}.Debug|Any CPU.Build.0 = Debug|Any CPU
		{04EAFF4C-4996-DFBA-A53B-852141F9182F}.Release|Any CPU.ActiveCfg = Release|Any CPU
		{04EAFF4C-4996-DFBA-A53B-852141F9182F}.Release|Any CPU.Build.0 = Release|Any CPU
		{AC109A18-AE2C-A135-A41C-307211A0E9FE}.Debug|Any CPU.ActiveCfg = Debug|Any CPU
		{AC109A18-AE2C-A135-A41C-307211A0E9FE}.Debug|Any CPU.Build.0 = Debug|Any CPU
		{AC109A18-AE2C-A135-A41C-307211A0E9FE}.Release|Any CPU.ActiveCfg = Release|Any CPU
		{AC109A18-AE2C-A135-A41C-307211A0E9FE}.Release|Any CPU.Build.0 = Release|Any CPU
		{0D545215-E0F2-9478-FF86-2A496502D368}.Debug|Any CPU.ActiveCfg = Debug|Any CPU
		{0D545215-E0F2-9478-FF86-2A496502D368}.Debug|Any CPU.Build.0 = Debug|Any CPU
		{0D545215-E0F2-9478-FF86-2A496502D368}.Release|Any CPU.ActiveCfg = Release|Any CPU
		{0D545215-E0F2-9478-FF86-2A496502D368}.Release|Any CPU.Build.0 = Release|Any CPU
		{E4762A47-4DDE-0F73-5A85-870CBCB886AE}.Debug|Any CPU.ActiveCfg = Debug|x64
		{E4762A47-4DDE-0F73-5A85-870CBCB886AE}.Debug|Any CPU.Build.0 = Debug|x64
		{E4762A47-4DDE-0F73-5A85-870CBCB886AE}.Debug|Any CPU.Deploy.0 = Debug|x64
		{E4762A47-4DDE-0F73-5A85-870CBCB886AE}.Release|Any CPU.ActiveCfg = Release|x64
		{E4762A47-4DDE-0F73-5A85-870CBCB886AE}.Release|Any CPU.Build.0 = Release|x64
		{E4762A47-4DDE-0F73-5A85-870CBCB886AE}.Release|Any CPU.Deploy.0 = Release|x64
		{73C1411D-1665-4322-8D40-BB71646B065D}.Debug|Any CPU.ActiveCfg = Debug|Any CPU
		{73C1411D-1665-4322-8D40-BB71646B065D}.Debug|Any CPU.Build.0 = Debug|Any CPU
		{73C1411D-1665-4322-8D40-BB71646B065D}.Release|Any CPU.ActiveCfg = Release|Any CPU
		{73C1411D-1665-4322-8D40-BB71646B065D}.Release|Any CPU.Build.0 = Release|Any CPU
		{D0AA0D1B-F655-4DC4-99BB-BF0C26198CC4}.Debug|Any CPU.ActiveCfg = Debug|Any CPU
		{D0AA0D1B-F655-4DC4-99BB-BF0C26198CC4}.Debug|Any CPU.Build.0 = Debug|Any CPU
		{D0AA0D1B-F655-4DC4-99BB-BF0C26198CC4}.Release|Any CPU.ActiveCfg = Release|Any CPU
		{D0AA0D1B-F655-4DC4-99BB-BF0C26198CC4}.Release|Any CPU.Build.0 = Release|Any CPU
	EndGlobalSection
	GlobalSection(SolutionProperties) = preSolution
		HideSolutionNode = FALSE
	EndGlobalSection
	GlobalSection(ExtensibilityGlobals) = postSolution
		SolutionGuid = {CF9EC9E0-98A2-48D5-B472-01A1CEF4BDE6}
	EndGlobalSection
EndGlobal
